
Microsoft Visual Studio Solution File, Format Version 12.00
# Visual Studio Version 17
VisualStudioVersion = 17.5.002.0
MinimumVisualStudioVersion = 10.0.40219.1
Project("{2150E333-8FDC-42A3-9474-1A3956D46DE8}") = "Projetos-DecolaTech", "Projetos-DecolaTech", "{56781E7A-8B3D-4512-8204-9ABF95CBABE8}"
EndProject
Project("{9A19103F-16F7-4668-BE54-9A1E7A4F7556}") = "DesafioFundamentos", "Projetos-DecolaTech\Projeto-Estacionamento\DesafioFundamentos.csproj", "{54ED7666-3664-4BBC-84D2-F6D237630BEC}"
EndProject
Global
	GlobalSection(SolutionConfigurationPlatforms) = preSolution
		Debug|Any CPU = Debug|Any CPU
		Release|Any CPU = Release|Any CPU
	EndGlobalSection
	GlobalSection(ProjectConfigurationPlatforms) = postSolution
		{54ED7666-3664-4BBC-84D2-F6D237630BEC}.Debug|Any CPU.ActiveCfg = Debug|Any CPU
		{54ED7666-3664-4BBC-84D2-F6D237630BEC}.Debug|Any CPU.Build.0 = Debug|Any CPU
		{54ED7666-3664-4BBC-84D2-F6D237630BEC}.Release|Any CPU.ActiveCfg = Release|Any CPU
		{54ED7666-3664-4BBC-84D2-F6D237630BEC}.Release|Any CPU.Build.0 = Release|Any CPU
	EndGlobalSection
	GlobalSection(SolutionProperties) = preSolution
		HideSolutionNode = FALSE
	EndGlobalSection
	GlobalSection(NestedProjects) = preSolution
		{54ED7666-3664-4BBC-84D2-F6D237630BEC} = {56781E7A-8B3D-4512-8204-9ABF95CBABE8}
	EndGlobalSection
	GlobalSection(ExtensibilityGlobals) = postSolution
		SolutionGuid = {08E63BC6-8F23-40FA-A2D7-396437633485}
	EndGlobalSection
EndGlobal
